<?xml version="1.0" encoding="utf-8"?>
<Project ToolsVersion="4.0" xmlns="http://schemas.microsoft.com/developer/msbuild/2003">
  <ItemGroup>
    <Filter Include="Source Files">
      <UniqueIdentifier>{4FC737F1-C7A5-4376-A066-2A32D752A2FF}</UniqueIdentifier>
      <Extensions>cpp;c;cc;cxx;c++;cppm;ixx;def;odl;idl;hpj;bat;asm;asmx</Extensions>
    </Filter>
    <Filter Include="Header Files">
      <UniqueIdentifier>{93995380-89BD-4b04-88EB-625FBE52EBFB}</UniqueIdentifier>
      <Extensions>h;hh;hpp;hxx;h++;hm;inl;inc;ipp;xsd</Extensions>
    </Filter>
    <Filter Include="Header Files\automatas">
      <UniqueIdentifier>{d4b92d1b-eefd-41cb-9251-38978e04ff1e}</UniqueIdentifier>
    </Filter>
  </ItemGroup>
  <ItemGroup>
    <ClInclude Include="automatas.h">
      <Filter>Header Files\automatas</Filter>
    </ClInclude>
    <ClInclude Include="labelled_automata.h">
      <Filter>Header Files</Filter>
    </ClInclude>
    <ClInclude Include="automata.h">
      <Filter>Header Files\automatas</Filter>
    </ClInclude>
    <ClInclude Include="resource.h">
      <Filter>Header Files</Filter>
    </ClInclude>
    <ClInclude Include="fsm\deterministic_finite_state_automata.h">
      <Filter>Header Files\automatas</Filter>
    </ClInclude>
    <ClInclude Include="fsm\epsilon_non_deterministic_finite_state_automata.h">
      <Filter>Header Files\automatas</Filter>
    </ClInclude>
    <ClInclude Include="fsm\finite_state_automata.h">
      <Filter>Header Files\automatas</Filter>
    </ClInclude>
    <ClInclude Include="fsm\non_deterministic_finite_state_automata.h">
      <Filter>Header Files\automatas</Filter>
    </ClInclude>
    <ClInclude Include="regex\regular_expression_automata.h">
      <Filter>Header Files\automatas</Filter>
    </ClInclude>
    <ClInclude Include="regex\regular_expression.h">
      <Filter>Header Files</Filter>
    </ClInclude>
    <ClInclude Include="timed\clock_manager.h">
      <Filter>Header Files\automatas</Filter>
    </ClInclude>
    <ClInclude Include="timed\timed_automata.h">
      <Filter>Header Files\automatas</Filter>
    </ClInclude>
  </ItemGroup>
  <ItemGroup>
    <ClCompile Include="main.cpp">
      <Filter>Source Files</Filter>
    </ClCompile>
    <ClCompile Include="automata.cpp">
      <Filter>Source Files</Filter>
    </ClCompile>
    <ClCompile Include="fsm\deterministic_finite_state_automata.cpp">
      <Filter>Source Files</Filter>
    </ClCompile>
    <ClCompile Include="fsm\epsilon_non_deterministic_finite_state_automata.cpp">
      <Filter>Source Files</Filter>
    </ClCompile>
    <ClCompile Include="fsm\finite_state_automata.cpp">
      <Filter>Source Files</Filter>
    </ClCompile>
    <ClCompile Include="fsm\non_deterministic_finite_state_automata.cpp">
      <Filter>Source Files</Filter>
    </ClCompile>
    <ClCompile Include="regex\regular_expression.cpp">
      <Filter>Source Files</Filter>
    </ClCompile>
    <ClCompile Include="regex\regular_expression_automata.cpp">
      <Filter>Source Files</Filter>
    </ClCompile>
    <ClCompile Include="timed\clock_manager.cpp">
      <Filter>Source Files</Filter>
    </ClCompile>
    <ClCompile Include="timed\timed_automata.cpp">
      <Filter>Source Files</Filter>
    </ClCompile>
  </ItemGroup>
  <ItemGroup>
    <None Include="readme.md">
      <Filter>Source Files</Filter>
    </None>
  </ItemGroup>
</Project>